// !$*UTF8*$!
{
	archiveVersion = 1;
	classes = {
	};
	objectVersion = 46;
	objects = {

/* Begin PBXBuildFile section */
		3F328CD11E3812C10002186C /* AppDelegate.swift in Sources */ = {isa = PBXBuildFile; fileRef = 3F328CD01E3812C10002186C /* AppDelegate.swift */; };
		3F328CD31E3812C10002186C /* ViewController.swift in Sources */ = {isa = PBXBuildFile; fileRef = 3F328CD21E3812C10002186C /* ViewController.swift */; };
		3F328CDB1E3812C10002186C /* LaunchScreen.storyboard in Resources */ = {isa = PBXBuildFile; fileRef = 3F328CD91E3812C10002186C /* LaunchScreen.storyboard */; };
		3F328CE31E38170B0002186C /* pokemon.csv in Resources */ = {isa = PBXBuildFile; fileRef = 3F328CE21E38170B0002186C /* pokemon.csv */; };
		3F328CE61E381B2D0002186C /* Pokemon.swift in Sources */ = {isa = PBXBuildFile; fileRef = 3F328CE51E381B2D0002186C /* Pokemon.swift */; };
		3F328CE91E382F590002186C /* PokeCell.swift in Sources */ = {isa = PBXBuildFile; fileRef = 3F328CE81E382F590002186C /* PokeCell.swift */; };
		3F328CEB1E383C600002186C /* csv.swift in Sources */ = {isa = PBXBuildFile; fileRef = 3F328CEA1E383C600002186C /* csv.swift */; };
		3F328CF41E384B4C0002186C /* bgmusic.mp3 in Resources */ = {isa = PBXBuildFile; fileRef = 3F328CF31E384B4C0002186C /* bgmusic.mp3 */; };
		3F35DF351E394C11006B64E4 /* pokemon_KR.csv in Resources */ = {isa = PBXBuildFile; fileRef = 3F35DF341E394C11006B64E4 /* pokemon_KR.csv */; };
		3F404C831E38FF4E00875A43 /* Assets.xcassets in Resources */ = {isa = PBXBuildFile; fileRef = 3F404C821E38FF4E00875A43 /* Assets.xcassets */; };
		3F404C861E39215300875A43 /* PokemonDetailVC.swift in Sources */ = {isa = PBXBuildFile; fileRef = 3F404C851E39215300875A43 /* PokemonDetailVC.swift */; };
		3F404C891E39270100875A43 /* Main.storyboard in Resources */ = {isa = PBXBuildFile; fileRef = 3F404C871E39270100875A43 /* Main.storyboard */; };
		3FA45C341E38520100CB5B23 /* Pokemon Solid.ttf in Resources */ = {isa = PBXBuildFile; fileRef = 3F328CEE1E3844EB0002186C /* Pokemon Solid.ttf */; };
/* End PBXBuildFile section */

/* Begin PBXFileReference section */
		3F328CCD1E3812C10002186C /* 포켓몬도감.app */ = {isa = PBXFileReference; explicitFileType = wrapper.application; includeInIndex = 0; path = "포켓몬도감.app"; sourceTree = BUILT_PRODUCTS_DIR; };
		3F328CD01E3812C10002186C /* AppDelegate.swift */ = {isa = PBXFileReference; lastKnownFileType = sourcecode.swift; path = AppDelegate.swift; sourceTree = "<group>"; };
		3F328CD21E3812C10002186C /* ViewController.swift */ = {isa = PBXFileReference; lastKnownFileType = sourcecode.swift; path = ViewController.swift; sourceTree = "<group>"; };
		3F328CDA1E3812C10002186C /* Base */ = {isa = PBXFileReference; lastKnownFileType = file.storyboard; name = Base; path = Base.lproj/LaunchScreen.storyboard; sourceTree = "<group>"; };
		3F328CDC1E3812C10002186C /* Info.plist */ = {isa = PBXFileReference; lastKnownFileType = text.plist.xml; path = Info.plist; sourceTree = "<group>"; };
		3F328CE21E38170B0002186C /* pokemon.csv */ = {isa = PBXFileReference; fileEncoding = 4; lastKnownFileType = text; path = pokemon.csv; sourceTree = "<group>"; };
		3F328CE51E381B2D0002186C /* Pokemon.swift */ = {isa = PBXFileReference; fileEncoding = 4; lastKnownFileType = sourcecode.swift; path = Pokemon.swift; sourceTree = "<group>"; };
		3F328CE81E382F590002186C /* PokeCell.swift */ = {isa = PBXFileReference; fileEncoding = 4; lastKnownFileType = sourcecode.swift; path = PokeCell.swift; sourceTree = "<group>"; };
		3F328CEA1E383C600002186C /* csv.swift */ = {isa = PBXFileReference; fileEncoding = 4; lastKnownFileType = sourcecode.swift; path = csv.swift; sourceTree = "<group>"; };
		3F328CEE1E3844EB0002186C /* Pokemon Solid.ttf */ = {isa = PBXFileReference; lastKnownFileType = file; path = "Pokemon Solid.ttf"; sourceTree = "<group>"; };
		3F328CF31E384B4C0002186C /* bgmusic.mp3 */ = {isa = PBXFileReference; lastKnownFileType = audio.mp3; path = bgmusic.mp3; sourceTree = "<group>"; };
		3F35DF341E394C11006B64E4 /* pokemon_KR.csv */ = {isa = PBXFileReference; fileEncoding = 4; lastKnownFileType = text; path = pokemon_KR.csv; sourceTree = "<group>"; };
		3F404C821E38FF4E00875A43 /* Assets.xcassets */ = {isa = PBXFileReference; lastKnownFileType = folder.assetcatalog; path = Assets.xcassets; sourceTree = "<group>"; };
		3F404C851E39215300875A43 /* PokemonDetailVC.swift */ = {isa = PBXFileReference; fileEncoding = 4; lastKnownFileType = sourcecode.swift; path = PokemonDetailVC.swift; sourceTree = "<group>"; };
		3F404C881E39270100875A43 /* Base */ = {isa = PBXFileReference; lastKnownFileType = file.storyboard; name = Base; path = Base.lproj/Main.storyboard; sourceTree = "<group>"; };
/* End PBXFileReference section */

/* Begin PBXFrameworksBuildPhase section */
		3F328CCA1E3812C10002186C /* Frameworks */ = {
			isa = PBXFrameworksBuildPhase;
			buildActionMask = 2147483647;
			files = (
			);
			runOnlyForDeploymentPostprocessing = 0;
		};
/* End PBXFrameworksBuildPhase section */

/* Begin PBXGroup section */
		3F328CC41E3812C10002186C = {
			isa = PBXGroup;
			children = (
				3F328CCF1E3812C10002186C /* 포켓몬도감 */,
				3F328CCE1E3812C10002186C /* Products */,
			);
			sourceTree = "<group>";
		};
		3F328CCE1E3812C10002186C /* Products */ = {
			isa = PBXGroup;
			children = (
				3F328CCD1E3812C10002186C /* 포켓몬도감.app */,
			);
			name = Products;
			sourceTree = "<group>";
		};
		3F328CCF1E3812C10002186C /* 포켓몬도감 */ = {
			isa = PBXGroup;
			children = (
				3F328CE41E381B030002186C /* Model */,
				3F328CE71E382F020002186C /* View */,
				3F404C841E3920F100875A43 /* Controller */,
				3F328CEC1E383C860002186C /* Util */,
				3F328CED1E383C940002186C /* Resources */,
				3F328CD01E3812C10002186C /* AppDelegate.swift */,
				3F404C871E39270100875A43 /* Main.storyboard */,
				3F404C821E38FF4E00875A43 /* Assets.xcassets */,
				3F328CD91E3812C10002186C /* LaunchScreen.storyboard */,
				3F328CDC1E3812C10002186C /* Info.plist */,
			);
			path = "포켓몬도감";
			sourceTree = "<group>";
		};
		3F328CE41E381B030002186C /* Model */ = {
			isa = PBXGroup;
			children = (
				3F328CE51E381B2D0002186C /* Pokemon.swift */,
			);
			name = Model;
			sourceTree = "<group>";
		};
		3F328CE71E382F020002186C /* View */ = {
			isa = PBXGroup;
			children = (
				3F328CE81E382F590002186C /* PokeCell.swift */,
			);
			name = View;
			sourceTree = "<group>";
		};
		3F328CEC1E383C860002186C /* Util */ = {
			isa = PBXGroup;
			children = (
				3F328CEA1E383C600002186C /* csv.swift */,
			);
			name = Util;
			sourceTree = "<group>";
		};
		3F328CED1E383C940002186C /* Resources */ = {
			isa = PBXGroup;
			children = (
				3F328CEE1E3844EB0002186C /* Pokemon Solid.ttf */,
				3F328CE21E38170B0002186C /* pokemon.csv */,
				3F35DF341E394C11006B64E4 /* pokemon_KR.csv */,
				3F328CF31E384B4C0002186C /* bgmusic.mp3 */,
			);
			name = Resources;
			sourceTree = "<group>";
		};
		3F404C841E3920F100875A43 /* Controller */ = {
			isa = PBXGroup;
			children = (
				3F328CD21E3812C10002186C /* ViewController.swift */,
				3F404C851E39215300875A43 /* PokemonDetailVC.swift */,
			);
			name = Controller;
			sourceTree = "<group>";
		};
/* End PBXGroup section */

/* Begin PBXNativeTarget section */
		3F328CCC1E3812C10002186C /* 포켓몬도감 */ = {
			isa = PBXNativeTarget;
			buildConfigurationList = 3F328CDF1E3812C10002186C /* Build configuration list for PBXNativeTarget "포켓몬도감" */;
			buildPhases = (
				3F328CC91E3812C10002186C /* Sources */,
				3F328CCA1E3812C10002186C /* Frameworks */,
				3F328CCB1E3812C10002186C /* Resources */,
			);
			buildRules = (
			);
			dependencies = (
			);
			name = "포켓몬도감";
			productName = "포켓몬도감";
			productReference = 3F328CCD1E3812C10002186C /* 포켓몬도감.app */;
			productType = "com.apple.product-type.application";
		};
/* End PBXNativeTarget section */

/* Begin PBXProject section */
		3F328CC51E3812C10002186C /* Project object */ = {
			isa = PBXProject;
			attributes = {
				LastSwiftUpdateCheck = 0820;
				LastUpgradeCheck = 0820;
				ORGANIZATIONNAME = Jane;
				TargetAttributes = {
					3F328CCC1E3812C10002186C = {
						CreatedOnToolsVersion = 8.2.1;
						LastSwiftMigration = 0820;
						ProvisioningStyle = Automatic;
					};
				};
			};
			buildConfigurationList = 3F328CC81E3812C10002186C /* Build configuration list for PBXProject "포켓몬도감" */;
			compatibilityVersion = "Xcode 3.2";
			developmentRegion = English;
			hasScannedForEncodings = 0;
			knownRegions = (
				en,
				Base,
			);
			mainGroup = 3F328CC41E3812C10002186C;
			productRefGroup = 3F328CCE1E3812C10002186C /* Products */;
			projectDirPath = "";
			projectRoot = "";
			targets = (
				3F328CCC1E3812C10002186C /* 포켓몬도감 */,
			);
		};
/* End PBXProject section */

/* Begin PBXResourcesBuildPhase section */
		3F328CCB1E3812C10002186C /* Resources */ = {
			isa = PBXResourcesBuildPhase;
			buildActionMask = 2147483647;
			files = (
				3F328CF41E384B4C0002186C /* bgmusic.mp3 in Resources */,
				3F328CDB1E3812C10002186C /* LaunchScreen.storyboard in Resources */,
				3FA45C341E38520100CB5B23 /* Pokemon Solid.ttf in Resources */,
				3F404C891E39270100875A43 /* Main.storyboard in Resources */,
				3F35DF351E394C11006B64E4 /* pokemon_KR.csv in Resources */,
				3F328CE31E38170B0002186C /* pokemon.csv in Resources */,
				3F404C831E38FF4E00875A43 /* Assets.xcassets in Resources */,
			);
			runOnlyForDeploymentPostprocessing = 0;
		};
/* End PBXResourcesBuildPhase section */

/* Begin PBXSourcesBuildPhase section */
		3F328CC91E3812C10002186C /* Sources */ = {
			isa = PBXSourcesBuildPhase;
			buildActionMask = 2147483647;
			files = (
				3F328CE91E382F590002186C /* PokeCell.swift in Sources */,
				3F328CE61E381B2D0002186C /* Pokemon.swift in Sources */,
				3F328CD31E3812C10002186C /* ViewController.swift in Sources */,
				3F404C861E39215300875A43 /* PokemonDetailVC.swift in Sources */,
				3F328CD11E3812C10002186C /* AppDelegate.swift in Sources */,
				3F328CEB1E383C600002186C /* csv.swift in Sources */,
			);
			runOnlyForDeploymentPostprocessing = 0;
		};
/* End PBXSourcesBuildPhase section */

/* Begin PBXVariantGroup section */
		3F328CD91E3812C10002186C /* LaunchScreen.storyboard */ = {
			isa = PBXVariantGroup;
			children = (
				3F328CDA1E3812C10002186C /* Base */,
			);
			name = LaunchScreen.storyboard;
			sourceTree = "<group>";
		};
		3F404C871E39270100875A43 /* Main.storyboard */ = {
			isa = PBXVariantGroup;
			children = (
				3F404C881E39270100875A43 /* Base */,
			);
			name = Main.storyboard;
			sourceTree = "<group>";
		};
/* End PBXVariantGroup section */

/* Begin XCBuildConfiguration section */
		3F328CDD1E3812C10002186C /* Debug */ = {
			isa = XCBuildConfiguration;
			buildSettings = {
				ALWAYS_SEARCH_USER_PATHS = NO;
				CLANG_ANALYZER_NONNULL = YES;
				CLANG_CXX_LANGUAGE_STANDARD = "gnu++0x";
				CLANG_CXX_LIBRARY = "libc++";
				CLANG_ENABLE_MODULES = YES;
				CLANG_ENABLE_OBJC_ARC = YES;
				CLANG_WARN_BOOL_CONVERSION = YES;
				CLANG_WARN_CONSTANT_CONVERSION = YES;
				CLANG_WARN_DIRECT_OBJC_ISA_USAGE = YES_ERROR;
				CLANG_WARN_DOCUMENTATION_COMMENTS = YES;
				CLANG_WARN_EMPTY_BODY = YES;
				CLANG_WARN_ENUM_CONVERSION = YES;
				CLANG_WARN_INFINITE_RECURSION = YES;
				CLANG_WARN_INT_CONVERSION = YES;
				CLANG_WARN_OBJC_ROOT_CLASS = YES_ERROR;
				CLANG_WARN_SUSPICIOUS_MOVE = YES;
				CLANG_WARN_UNREACHABLE_CODE = YES;
				CLANG_WARN__DUPLICATE_METHOD_MATCH = YES;
				"CODE_SIGN_IDENTITY[sdk=iphoneos*]" = "iPhone Developer";
				COPY_PHASE_STRIP = NO;
				DEBUG_INFORMATION_FORMAT = dwarf;
				ENABLE_STRICT_OBJC_MSGSEND = YES;
				ENABLE_TESTABILITY = YES;
				GCC_C_LANGUAGE_STANDARD = gnu99;
				GCC_DYNAMIC_NO_PIC = NO;
				GCC_NO_COMMON_BLOCKS = YES;
				GCC_OPTIMIZATION_LEVEL = 0;
				GCC_PREPROCESSOR_DEFINITIONS = (
					"DEBUG=1",
					"$(inherited)",
				);
				GCC_WARN_64_TO_32_BIT_CONVERSION = YES;
				GCC_WARN_ABOUT_RETURN_TYPE = YES_ERROR;
				GCC_WARN_UNDECLARED_SELECTOR = YES;
				GCC_WARN_UNINITIALIZED_AUTOS = YES_AGGRESSIVE;
				GCC_WARN_UNUSED_FUNCTION = YES;
				GCC_WARN_UNUSED_VARIABLE = YES;
				IPHONEOS_DEPLOYMENT_TARGET = 10.2;
				MTL_ENABLE_DEBUG_INFO = YES;
				ONLY_ACTIVE_ARCH = YES;
				SDKROOT = iphoneos;
				SWIFT_ACTIVE_COMPILATION_CONDITIONS = DEBUG;
				SWIFT_OPTIMIZATION_LEVEL = "-Onone";
				TARGETED_DEVICE_FAMILY = "1,2";
			};
			name = Debug;
		};
		3F328CDE1E3812C10002186C /* Release */ = {
			isa = XCBuildConfiguration;
			buildSettings = {
				ALWAYS_SEARCH_USER_PATHS = NO;
				CLANG_ANALYZER_NONNULL = YES;
				CLANG_CXX_LANGUAGE_STANDARD = "gnu++0x";
				CLANG_CXX_LIBRARY = "libc++";
				CLANG_ENABLE_MODULES = YES;
				CLANG_ENABLE_OBJC_ARC = YES;
				CLANG_WARN_BOOL_CONVERSION = YES;
				CLANG_WARN_CONSTANT_CONVERSION = YES;
				CLANG_WARN_DIRECT_OBJC_ISA_USAGE = YES_ERROR;
				CLANG_WARN_DOCUMENTATION_COMMENTS = YES;
				CLANG_WARN_EMPTY_BODY = YES;
				CLANG_WARN_ENUM_CONVERSION = YES;
				CLANG_WARN_INFINITE_RECURSION = YES;
				CLANG_WARN_INT_CONVERSION = YES;
				CLANG_WARN_OBJC_ROOT_CLASS = YES_ERROR;
				CLANG_WARN_SUSPICIOUS_MOVE = YES;
				CLANG_WARN_UNREACHABLE_CODE = YES;
				CLANG_WARN__DUPLICATE_METHOD_MATCH = YES;
				"CODE_SIGN_IDENTITY[sdk=iphoneos*]" = "iPhone Developer";
				COPY_PHASE_STRIP = NO;
				DEBUG_INFORMATION_FORMAT = "dwarf-with-dsym";
				ENABLE_NS_ASSERTIONS = NO;
				ENABLE_STRICT_OBJC_MSGSEND = YES;
				GCC_C_LANGUAGE_STANDARD = gnu99;
				GCC_NO_COMMON_BLOCKS = YES;
				GCC_WARN_64_TO_32_BIT_CONVERSION = YES;
				GCC_WARN_ABOUT_RETURN_TYPE = YES_ERROR;
				GCC_WARN_UNDECLARED_SELECTOR = YES;
				GCC_WARN_UNINITIALIZED_AUTOS = YES_AGGRESSIVE;
				GCC_WARN_UNUSED_FUNCTION = YES;
				GCC_WARN_UNUSED_VARIABLE = YES;
				IPHONEOS_DEPLOYMENT_TARGET = 10.2;
				MTL_ENABLE_DEBUG_INFO = NO;
				SDKROOT = iphoneos;
				SWIFT_OPTIMIZATION_LEVEL = "-Owholemodule";
				TARGETED_DEVICE_FAMILY = "1,2";
				VALIDATE_PRODUCT = YES;
			};
			name = Release;
		};
		3F328CE01E3812C10002186C /* Debug */ = {
			isa = XCBuildConfiguration;
			buildSettings = {
				ASSETCATALOG_COMPILER_APPICON_NAME = AppIcon;
				INFOPLIST_FILE = "포켓몬도감/Info.plist";
				LD_RUNPATH_SEARCH_PATHS = "$(inherited) @executable_path/Frameworks";
				PRODUCT_BUNDLE_IDENTIFIER = "com.jane.-------------";
				PRODUCT_NAME = "$(TARGET_NAME)";
				SWIFT_VERSION = 3.0;
			};
			name = Debug;
		};
		3F328CE11E3812C10002186C /* Release */ = {
			isa = XCBuildConfiguration;
			buildSettings = {
				ASSETCATALOG_COMPILER_APPICON_NAME = AppIcon;
				INFOPLIST_FILE = "포켓몬도감/Info.plist";
				LD_RUNPATH_SEARCH_PATHS = "$(inherited) @executable_path/Frameworks";
				PRODUCT_BUNDLE_IDENTIFIER = "com.jane.-------------";
				PRODUCT_NAME = "$(TARGET_NAME)";
				SWIFT_VERSION = 3.0;
			};
			name = Release;
		};
/* End XCBuildConfiguration section */

/* Begin XCConfigurationList section */
		3F328CC81E3812C10002186C /* Build configuration list for PBXProject "포켓몬도감" */ = {
			isa = XCConfigurationList;
			buildConfigurations = (
				3F328CDD1E3812C10002186C /* Debug */,
				3F328CDE1E3812C10002186C /* Release */,
			);
			defaultConfigurationIsVisible = 0;
			defaultConfigurationName = Release;
		};
		3F328CDF1E3812C10002186C /* Build configuration list for PBXNativeTarget "포켓몬도감" */ = {
			isa = XCConfigurationList;
			buildConfigurations = (
				3F328CE01E3812C10002186C /* Debug */,
				3F328CE11E3812C10002186C /* Release */,
			);
			defaultConfigurationIsVisible = 0;
			defaultConfigurationName = Release;
		};
/* End XCConfigurationList section */
	};
	rootObject = 3F328CC51E3812C10002186C /* Project object */;
}
